// !$*UTF8*$!
{
	archiveVersion = 1;
	classes = {
	};
	objectVersion = 46;
	objects = {

/* Begin PBXBuildFile section */
		1254F80219E5939F00122F7B /* main.m in Sources */ = {isa = PBXBuildFile; fileRef = 1254F80119E5939F00122F7B /* main.m */; };
		1254F80519E5939F00122F7B /* AppDelegate.m in Sources */ = {isa = PBXBuildFile; fileRef = 1254F80419E5939F00122F7B /* AppDelegate.m */; };
		1254F80819E5939F00122F7B /* ViewController.m in Sources */ = {isa = PBXBuildFile; fileRef = 1254F80719E5939F00122F7B /* ViewController.m */; };
		1254F80B19E5939F00122F7B /* Main.storyboard in Resources */ = {isa = PBXBuildFile; fileRef = 1254F80919E5939F00122F7B /* Main.storyboard */; };
		1254F80D19E5939F00122F7B /* Images.xcassets in Resources */ = {isa = PBXBuildFile; fileRef = 1254F80C19E5939F00122F7B /* Images.xcassets */; };
		1254F81019E5939F00122F7B /* LaunchScreen.xib in Resources */ = {isa = PBXBuildFile; fileRef = 1254F80E19E5939F00122F7B /* LaunchScreen.xib */; };
		1254F81C19E5939F00122F7B /* DieHardTests.m in Sources */ = {isa = PBXBuildFile; fileRef = 1254F81B19E5939F00122F7B /* DieHardTests.m */; };
		1254F82719E5964E00122F7B /* Die.m in Sources */ = {isa = PBXBuildFile; fileRef = 1254F82619E5964E00122F7B /* Die.m */; };
/* End PBXBuildFile section */

/* Begin PBXContainerItemProxy section */
		1254F81619E5939F00122F7B /* PBXContainerItemProxy */ = {
			isa = PBXContainerItemProxy;
			containerPortal = 1254F7F419E5939F00122F7B /* Project object */;
			proxyType = 1;
			remoteGlobalIDString = 1254F7FB19E5939F00122F7B;
			remoteInfo = DieHard;
		};
/* End PBXContainerItemProxy section */

/* Begin PBXFileReference section */
		1254F7FC19E5939F00122F7B /* DieHard.app */ = {isa = PBXFileReference; explicitFileType = wrapper.application; includeInIndex = 0; path = DieHard.app; sourceTree = BUILT_PRODUCTS_DIR; };
		1254F80019E5939F00122F7B /* Info.plist */ = {isa = PBXFileReference; lastKnownFileType = text.plist.xml; path = Info.plist; sourceTree = "<group>"; };
		1254F80119E5939F00122F7B /* main.m */ = {isa = PBXFileReference; lastKnownFileType = sourcecode.c.objc; path = main.m; sourceTree = "<group>"; };
		1254F80319E5939F00122F7B /* AppDelegate.h */ = {isa = PBXFileReference; lastKnownFileType = sourcecode.c.h; path = AppDelegate.h; sourceTree = "<group>"; };
		1254F80419E5939F00122F7B /* AppDelegate.m */ = {isa = PBXFileReference; lastKnownFileType = sourcecode.c.objc; path = AppDelegate.m; sourceTree = "<group>"; };
		1254F80619E5939F00122F7B /* ViewController.h */ = {isa = PBXFileReference; lastKnownFileType = sourcecode.c.h; path = ViewController.h; sourceTree = "<group>"; };
		1254F80719E5939F00122F7B /* ViewController.m */ = {isa = PBXFileReference; lastKnownFileType = sourcecode.c.objc; path = ViewController.m; sourceTree = "<group>"; };
		1254F80A19E5939F00122F7B /* Base */ = {isa = PBXFileReference; lastKnownFileType = file.storyboard; name = Base; path = Base.lproj/Main.storyboard; sourceTree = "<group>"; };
		1254F80C19E5939F00122F7B /* Images.xcassets */ = {isa = PBXFileReference; lastKnownFileType = folder.assetcatalog; path = Images.xcassets; sourceTree = "<group>"; };
		1254F80F19E5939F00122F7B /* Base */ = {isa = PBXFileReference; lastKnownFileType = file.xib; name = Base; path = Base.lproj/LaunchScreen.xib; sourceTree = "<group>"; };
		1254F81519E5939F00122F7B /* DieHardTests.xctest */ = {isa = PBXFileReference; explicitFileType = wrapper.cfbundle; includeInIndex = 0; path = DieHardTests.xctest; sourceTree = BUILT_PRODUCTS_DIR; };
		1254F81A19E5939F00122F7B /* Info.plist */ = {isa = PBXFileReference; lastKnownFileType = text.plist.xml; path = Info.plist; sourceTree = "<group>"; };
		1254F81B19E5939F00122F7B /* DieHardTests.m */ = {isa = PBXFileReference; lastKnownFileType = sourcecode.c.objc; path = DieHardTests.m; sourceTree = "<group>"; };
		1254F82519E5964E00122F7B /* Die.h */ = {isa = PBXFileReference; fileEncoding = 4; lastKnownFileType = sourcecode.c.h; path = Die.h; sourceTree = "<group>"; };
		1254F82619E5964E00122F7B /* Die.m */ = {isa = PBXFileReference; fileEncoding = 4; lastKnownFileType = sourcecode.c.objc; path = Die.m; sourceTree = "<group>"; };
/* End PBXFileReference section */

/* Begin PBXFrameworksBuildPhase section */
		1254F7F919E5939F00122F7B /* Frameworks */ = {
			isa = PBXFrameworksBuildPhase;
			buildActionMask = 2147483647;
			files = (
			);
			runOnlyForDeploymentPostprocessing = 0;
		};
		1254F81219E5939F00122F7B /* Frameworks */ = {
			isa = PBXFrameworksBuildPhase;
			buildActionMask = 2147483647;
			files = (
			);
			runOnlyForDeploymentPostprocessing = 0;
		};
/* End PBXFrameworksBuildPhase section */

/* Begin PBXGroup section */
		1254F7F319E5939F00122F7B = {
			isa = PBXGroup;
			children = (
				1254F7FE19E5939F00122F7B /* DieHard */,
				1254F81819E5939F00122F7B /* DieHardTests */,
				1254F7FD19E5939F00122F7B /* Products */,
			);
			sourceTree = "<group>";
		};
		1254F7FD19E5939F00122F7B /* Products */ = {
			isa = PBXGroup;
			children = (
				1254F7FC19E5939F00122F7B /* DieHard.app */,
				1254F81519E5939F00122F7B /* DieHardTests.xctest */,
			);
			name = Products;
			sourceTree = "<group>";
		};
		1254F7FE19E5939F00122F7B /* DieHard */ = {
			isa = PBXGroup;
			children = (
				1254F80319E5939F00122F7B /* AppDelegate.h */,
				1254F80419E5939F00122F7B /* AppDelegate.m */,
				1254F80919E5939F00122F7B /* Main.storyboard */,
				1254F80619E5939F00122F7B /* ViewController.h */,
				1254F80719E5939F00122F7B /* ViewController.m */,
				1254F82519E5964E00122F7B /* Die.h */,
				1254F82619E5964E00122F7B /* Die.m */,
				1254F80C19E5939F00122F7B /* Images.xcassets */,
				1254F80E19E5939F00122F7B /* LaunchScreen.xib */,
				1254F7FF19E5939F00122F7B /* Supporting Files */,
			);
			path = DieHard;
			sourceTree = "<group>";
		};
		1254F7FF19E5939F00122F7B /* Supporting Files */ = {
			isa = PBXGroup;
			children = (
				1254F80019E5939F00122F7B /* Info.plist */,
				1254F80119E5939F00122F7B /* main.m */,
			);
			name = "Supporting Files";
			sourceTree = "<group>";
		};
		1254F81819E5939F00122F7B /* DieHardTests */ = {
			isa = PBXGroup;
			children = (
				1254F81B19E5939F00122F7B /* DieHardTests.m */,
				1254F81919E5939F00122F7B /* Supporting Files */,
			);
			path = DieHardTests;
			sourceTree = "<group>";
		};
		1254F81919E5939F00122F7B /* Supporting Files */ = {
			isa = PBXGroup;
			children = (
				1254F81A19E5939F00122F7B /* Info.plist */,
			);
			name = "Supporting Files";
			sourceTree = "<group>";
		};
/* End PBXGroup section */

/* Begin PBXNativeTarget section */
		1254F7FB19E5939F00122F7B /* DieHard */ = {
			isa = PBXNativeTarget;
			buildConfigurationList = 1254F81F19E5939F00122F7B /* Build configuration list for PBXNativeTarget "DieHard" */;
			buildPhases = (
				1254F7F819E5939F00122F7B /* Sources */,
				1254F7F919E5939F00122F7B /* Frameworks */,
				1254F7FA19E5939F00122F7B /* Resources */,
			);
			buildRules = (
			);
			dependencies = (
			);
			name = DieHard;
			productName = DieHard;
			productReference = 1254F7FC19E5939F00122F7B /* DieHard.app */;
			productType = "com.apple.product-type.application";
		};
		1254F81419E5939F00122F7B /* DieHardTests */ = {
			isa = PBXNativeTarget;
			buildConfigurationList = 1254F82219E5939F00122F7B /* Build configuration list for PBXNativeTarget "DieHardTests" */;
			buildPhases = (
				1254F81119E5939F00122F7B /* Sources */,
				1254F81219E5939F00122F7B /* Frameworks */,
				1254F81319E5939F00122F7B /* Resources */,
			);
			buildRules = (
			);
			dependencies = (
				1254F81719E5939F00122F7B /* PBXTargetDependency */,
			);
			name = DieHardTests;
			productName = DieHardTests;
			productReference = 1254F81519E5939F00122F7B /* DieHardTests.xctest */;
			productType = "com.apple.product-type.bundle.unit-test";
		};
/* End PBXNativeTarget section */

/* Begin PBXProject section */
		1254F7F419E5939F00122F7B /* Project object */ = {
			isa = PBXProject;
			attributes = {
				LastUpgradeCheck = 0600;
				ORGANIZATIONNAME = "Ryan Siska";
				TargetAttributes = {
					1254F7FB19E5939F00122F7B = {
						CreatedOnToolsVersion = 6.0.1;
					};
					1254F81419E5939F00122F7B = {
						CreatedOnToolsVersion = 6.0.1;
						TestTargetID = 1254F7FB19E5939F00122F7B;
					};
				};
			};
			buildConfigurationList = 1254F7F719E5939F00122F7B /* Build configuration list for PBXProject "DieHard" */;
			compatibilityVersion = "Xcode 3.2";
			developmentRegion = English;
			hasScannedForEncodings = 0;
			knownRegions = (
				en,
				Base,
			);
			mainGroup = 1254F7F319E5939F00122F7B;
			productRefGroup = 1254F7FD19E5939F00122F7B /* Products */;
			projectDirPath = "";
			projectRoot = "";
			targets = (
				1254F7FB19E5939F00122F7B /* DieHard */,
				1254F81419E5939F00122F7B /* DieHardTests */,
			);
		};
/* End PBXProject section */

/* Begin PBXResourcesBuildPhase section */
		1254F7FA19E5939F00122F7B /* Resources */ = {
			isa = PBXResourcesBuildPhase;
			buildActionMask = 2147483647;
			files = (
				1254F80B19E5939F00122F7B /* Main.storyboard in Resources */,
				1254F81019E5939F00122F7B /* LaunchScreen.xib in Resources */,
				1254F80D19E5939F00122F7B /* Images.xcassets in Resources */,
			);
			runOnlyForDeploymentPostprocessing = 0;
		};
		1254F81319E5939F00122F7B /* Resources */ = {
			isa = PBXResourcesBuildPhase;
			buildActionMask = 2147483647;
			files = (
			);
			runOnlyForDeploymentPostprocessing = 0;
		};
/* End PBXResourcesBuildPhase section */

/* Begin PBXSourcesBuildPhase section */
		1254F7F819E5939F00122F7B /* Sources */ = {
			isa = PBXSourcesBuildPhase;
			buildActionMask = 2147483647;
			files = (
				1254F80819E5939F00122F7B /* ViewController.m in Sources */,
				1254F80519E5939F00122F7B /* AppDelegate.m in Sources */,
				1254F82719E5964E00122F7B /* Die.m in Sources */,
				1254F80219E5939F00122F7B /* main.m in Sources */,
			);
			runOnlyForDeploymentPostprocessing = 0;
		};
		1254F81119E5939F00122F7B /* Sources */ = {
			isa = PBXSourcesBuildPhase;
			buildActionMask = 2147483647;
			files = (
				1254F81C19E5939F00122F7B /* DieHardTests.m in Sources */,
			);
			runOnlyForDeploymentPostprocessing = 0;
		};
/* End PBXSourcesBuildPhase section */

/* Begin PBXTargetDependency section */
		1254F81719E5939F00122F7B /* PBXTargetDependency */ = {
			isa = PBXTargetDependency;
			target = 1254F7FB19E5939F00122F7B /* DieHard */;
			targetProxy = 1254F81619E5939F00122F7B /* PBXContainerItemProxy */;
		};
/* End PBXTargetDependency section */

/* Begin PBXVariantGroup section */
		1254F80919E5939F00122F7B /* Main.storyboard */ = {
			isa = PBXVariantGroup;
			children = (
				1254F80A19E5939F00122F7B /* Base */,
			);
			name = Main.storyboard;
			sourceTree = "<group>";
		};
		1254F80E19E5939F00122F7B /* LaunchScreen.xib */ = {
			isa = PBXVariantGroup;
			children = (
				1254F80F19E5939F00122F7B /* Base */,
			);
			name = LaunchScreen.xib;
			sourceTree = "<group>";
		};
/* End PBXVariantGroup section */

/* Begin XCBuildConfiguration section */
		1254F81D19E5939F00122F7B /* Debug */ = {
			isa = XCBuildConfiguration;
			buildSettings = {
				ALWAYS_SEARCH_USER_PATHS = NO;
				CLANG_CXX_LANGUAGE_STANDARD = "gnu++0x";
				CLANG_CXX_LIBRARY = "libc++";
				CLANG_ENABLE_MODULES = YES;
				CLANG_ENABLE_OBJC_ARC = YES;
				CLANG_WARN_BOOL_CONVERSION = YES;
				CLANG_WARN_CONSTANT_CONVERSION = YES;
				CLANG_WARN_DIRECT_OBJC_ISA_USAGE = YES_ERROR;
				CLANG_WARN_EMPTY_BODY = YES;
				CLANG_WARN_ENUM_CONVERSION = YES;
				CLANG_WARN_INT_CONVERSION = YES;
				CLANG_WARN_OBJC_ROOT_CLASS = YES_ERROR;
				CLANG_WARN_UNREACHABLE_CODE = YES;
				CLANG_WARN__DUPLICATE_METHOD_MATCH = YES;
				"CODE_SIGN_IDENTITY[sdk=iphoneos*]" = "iPhone Developer";
				COPY_PHASE_STRIP = NO;
				ENABLE_STRICT_OBJC_MSGSEND = YES;
				GCC_C_LANGUAGE_STANDARD = gnu99;
				GCC_DYNAMIC_NO_PIC = NO;
				GCC_OPTIMIZATION_LEVEL = 0;
				GCC_PREPROCESSOR_DEFINITIONS = (
					"DEBUG=1",
					"$(inherited)",
				);
				GCC_SYMBOLS_PRIVATE_EXTERN = NO;
				GCC_WARN_64_TO_32_BIT_CONVERSION = YES;
				GCC_WARN_ABOUT_RETURN_TYPE = YES_ERROR;
				GCC_WARN_UNDECLARED_SELECTOR = YES;
				GCC_WARN_UNINITIALIZED_AUTOS = YES_AGGRESSIVE;
				GCC_WARN_UNUSED_FUNCTION = YES;
				GCC_WARN_UNUSED_VARIABLE = YES;
				IPHONEOS_DEPLOYMENT_TARGET = 8.0;
				MTL_ENABLE_DEBUG_INFO = YES;
				ONLY_ACTIVE_ARCH = YES;
				SDKROOT = iphoneos;
			};
			name = Debug;
		};
		1254F81E19E5939F00122F7B /* Release */ = {
			isa = XCBuildConfiguration;
			buildSettings = {
				ALWAYS_SEARCH_USER_PATHS = NO;
				CLANG_CXX_LANGUAGE_STANDARD = "gnu++0x";
				CLANG_CXX_LIBRARY = "libc++";
				CLANG_ENABLE_MODULES = YES;
				CLANG_ENABLE_OBJC_ARC = YES;
				CLANG_WARN_BOOL_CONVERSION = YES;
				CLANG_WARN_CONSTANT_CONVERSION = YES;
				CLANG_WARN_DIRECT_OBJC_ISA_USAGE = YES_ERROR;
				CLANG_WARN_EMPTY_BODY = YES;
				CLANG_WARN_ENUM_CONVERSION = YES;
				CLANG_WARN_INT_CONVERSION = YES;
				CLANG_WARN_OBJC_ROOT_CLASS = YES_ERROR;
				CLANG_WARN_UNREACHABLE_CODE = YES;
				CLANG_WARN__DUPLICATE_METHOD_MATCH = YES;
				"CODE_SIGN_IDENTITY[sdk=iphoneos*]" = "iPhone Developer";
				COPY_PHASE_STRIP = YES;
				ENABLE_NS_ASSERTIONS = NO;
				ENABLE_STRICT_OBJC_MSGSEND = YES;
				GCC_C_LANGUAGE_STANDARD = gnu99;
				GCC_WARN_64_TO_32_BIT_CONVERSION = YES;
				GCC_WARN_ABOUT_RETURN_TYPE = YES_ERROR;
				GCC_WARN_UNDECLARED_SELECTOR = YES;
				GCC_WARN_UNINITIALIZED_AUTOS = YES_AGGRESSIVE;
				GCC_WARN_UNUSED_FUNCTION = YES;
				GCC_WARN_UNUSED_VARIABLE = YES;
				IPHONEOS_DEPLOYMENT_TARGET = 8.0;
				MTL_ENABLE_DEBUG_INFO = NO;
				SDKROOT = iphoneos;
				VALIDATE_PRODUCT = YES;
			};
			name = Release;
		};
		1254F82019E5939F00122F7B /* Debug */ = {
			isa = XCBuildConfiguration;
			buildSettings = {
				ASSETCATALOG_COMPILER_APPICON_NAME = AppIcon;
				INFOPLIST_FILE = DieHard/Info.plist;
				LD_RUNPATH_SEARCH_PATHS = "$(inherited) @executable_path/Frameworks";
				PRODUCT_NAME = "$(TARGET_NAME)";
			};
			name = Debug;
		};
		1254F82119E5939F00122F7B /* Release */ = {
			isa = XCBuildConfiguration;
			buildSettings = {
				ASSETCATALOG_COMPILER_APPICON_NAME = AppIcon;
				INFOPLIST_FILE = DieHard/Info.plist;
				LD_RUNPATH_SEARCH_PATHS = "$(inherited) @executable_path/Frameworks";
				PRODUCT_NAME = "$(TARGET_NAME)";
			};
			name = Release;
		};
		1254F82319E5939F00122F7B /* Debug */ = {
			isa = XCBuildConfiguration;
			buildSettings = {
				BUNDLE_LOADER = "$(TEST_HOST)";
				FRAMEWORK_SEARCH_PATHS = (
					"$(SDKROOT)/Developer/Library/Frameworks",
					"$(inherited)",
				);
				GCC_PREPROCESSOR_DEFINITIONS = (
					"DEBUG=1",
					"$(inherited)",
				);
				INFOPLIST_FILE = DieHardTests/Info.plist;
				LD_RUNPATH_SEARCH_PATHS = "$(inherited) @executable_path/Frameworks @loader_path/Frameworks";
				PRODUCT_NAME = "$(TARGET_NAME)";
				TEST_HOST = "$(BUILT_PRODUCTS_DIR)/DieHard.app/DieHard";
			};
			name = Debug;
		};
		1254F82419E5939F00122F7B /* Release */ = {
			isa = XCBuildConfiguration;
			buildSettings = {
				BUNDLE_LOADER = "$(TEST_HOST)";
				FRAMEWORK_SEARCH_PATHS = (
					"$(SDKROOT)/Developer/Library/Frameworks",
					"$(inherited)",
				);
				INFOPLIST_FILE = DieHardTests/Info.plist;
				LD_RUNPATH_SEARCH_PATHS = "$(inherited) @executable_path/Frameworks @loader_path/Frameworks";
				PRODUCT_NAME = "$(TARGET_NAME)";
				TEST_HOST = "$(BUILT_PRODUCTS_DIR)/DieHard.app/DieHard";
			};
			name = Release;
		};
/* End XCBuildConfiguration section */

/* Begin XCConfigurationList section */
		1254F7F719E5939F00122F7B /* Build configuration list for PBXProject "DieHard" */ = {
			isa = XCConfigurationList;
			buildConfigurations = (
				1254F81D19E5939F00122F7B /* Debug */,
				1254F81E19E5939F00122F7B /* Release */,
			);
			defaultConfigurationIsVisible = 0;
			defaultConfigurationName = Release;
		};
		1254F81F19E5939F00122F7B /* Build configuration list for PBXNativeTarget "DieHard" */ = {
			isa = XCConfigurationList;
			buildConfigurations = (
				1254F82019E5939F00122F7B /* Debug */,
				1254F82119E5939F00122F7B /* Release */,
			);
			defaultConfigurationIsVisible = 0;
			defaultConfigurationName = Release;
		};
		1254F82219E5939F00122F7B /* Build configuration list for PBXNativeTarget "DieHardTests" */ = {
			isa = XCConfigurationList;
			buildConfigurations = (
				1254F82319E5939F00122F7B /* Debug */,
				1254F82419E5939F00122F7B /* Release */,
			);
			defaultConfigurationIsVisible = 0;
			defaultConfigurationName = Release;
		};
/* End XCConfigurationList section */
	};
	rootObject = 1254F7F419E5939F00122F7B /* Project object */;
}
